
Microsoft Visual Studio Solution File, Format Version 12.00
# Visual Studio Version 17
VisualStudioVersion = 17.7.34202.233
MinimumVisualStudioVersion = 10.0.40219.1
Project("{FAE04EC0-301F-11D3-BF4B-00C04F79EFBC}") = "26PageProcatSportObarudovania", "Exam27Lab\26PageProcatSportObarudovania.csproj", "{BCCDB165-201F-4F1F-80C6-64F3D9D5B19C}"
EndProject
Project("{2150E333-8FDC-42A3-9474-1A3956D46DE8}") = "27ClassSistemKarshering", "27ClassSistemKarshering", "{6E06F79C-12DE-4E04-B94D-C82BBA4509DC}"
EndProject
Project("{FAE04EC0-301F-11D3-BF4B-00C04F79EFBC}") = "25PageStomatologPoliclinika", "25PageStomatologPoliclinika\25PageStomatologPoliclinika.csproj", "{BB4990DE-5B38-435D-9264-DBFA0AF210C3}"
EndProject
Project("{2150E333-8FDC-42A3-9474-1A3956D46DE8}") = "24ClassAvtoStoanka", "24ClassAvtoStoanka", "{873DE967-415F-4869-A470-9EA15F58D694}"
EndProject
Project("{2150E333-8FDC-42A3-9474-1A3956D46DE8}") = "19ClassFirmaOkazaniaUslug", "19ClassFirmaOkazaniaUslug", "{D73B5C08-2BEC-4BB0-96C8-7F7002D1C251}"
EndProject
Project("{FAE04EC0-301F-11D3-BF4B-00C04F79EFBC}") = "17UridicheskaiFirmaWindow", "17UridicheskaiFirmaWindow\17UridicheskaiFirmaWindow.csproj", "{C95266FB-6BBA-44E8-9D82-2F9EB809BB36}"
EndProject
Project("{2150E333-8FDC-42A3-9474-1A3956D46DE8}") = "15ClassUvelirniSalon", "15ClassUvelirniSalon", "{FBA858FD-3310-4B76-96DA-2A76F77C84F0}"
EndProject
Project("{2150E333-8FDC-42A3-9474-1A3956D46DE8}") = "14ClassMagazinBitTexniki", "14ClassMagazinBitTexniki", "{2AA4E270-93D2-4361-8514-7169E6FBBF17}"
EndProject
Project("{2150E333-8FDC-42A3-9474-1A3956D46DE8}") = "10ClassBiblioteka", "10ClassBiblioteka", "{F7E03BF9-99F4-4F45-B499-E29224C343DA}"
EndProject
Project("{FAE04EC0-301F-11D3-BF4B-00C04F79EFBC}") = "12KnishniyMagazinWindow", "12KnishniyMagazinWindow\12KnishniyMagazinWindow.csproj", "{891EFA22-2F05-4F34-992C-69C7446FEBFE}"
EndProject
Project("{FAE04EC0-301F-11D3-BF4B-00C04F79EFBC}") = "11PageTorgovaiBasa", "11PageTorgovaiBasa\11PageTorgovaiBasa.csproj", "{77E06E74-C1E5-455C-B03C-16866D897E80}"
EndProject
Project("{2150E333-8FDC-42A3-9474-1A3956D46DE8}") = "9ClassTuristicheskoeAgenstvo", "9ClassTuristicheskoeAgenstvo", "{63DFBED1-A9F5-4C98-9FF4-0F7977D0C413}"
EndProject
Project("{FAE04EC0-301F-11D3-BF4B-00C04F79EFBC}") = "13PageSalonCrasoti", "13PageSalonCrasoti\13PageSalonCrasoti.csproj", "{07948D9D-99CD-410C-A82C-502A0AE0E555}"
EndProject
Project("{FAE04EC0-301F-11D3-BF4B-00C04F79EFBC}") = "16PageMebelniSalon", "16PageMebelniSalon\16PageMebelniSalon.csproj", "{C2861D2F-8CCC-43B3-8BD4-1C6D33F45590}"
EndProject
Project("{FAE04EC0-301F-11D3-BF4B-00C04F79EFBC}") = "18SalonSotovoiSvaziWindow", "18SalonSotovoiSvaziWindow\18SalonSotovoiSvaziWindow.csproj", "{86334A50-3CC2-46EE-B873-E310034F0EE1}"
EndProject
Project("{FAE04EC0-301F-11D3-BF4B-00C04F79EFBC}") = "20PageMagazinOrtotegi", "20PageMagazinOrtotegi\20PageMagazinOrtotegi.csproj", "{711E7416-EDD6-45B6-AC4D-701053870908}"
EndProject
Project("{FAE04EC0-301F-11D3-BF4B-00C04F79EFBC}") = "Class10Bibliotek", "Class10\Class10Bibliotek.csproj", "{D63407B9-6821-405E-83F2-F0C7AABBF0D4}"
EndProject
Project("{FAE04EC0-301F-11D3-BF4B-00C04F79EFBC}") = "Class14MagazinBitTexnik", "Class14\Class14MagazinBitTexnik.csproj", "{3EF7F8C6-B9CA-4229-AD83-39CA2FDD27C1}"
EndProject
Project("{FAE04EC0-301F-11D3-BF4B-00C04F79EFBC}") = "Class15UvelirniSalonу", "Class15\Class15UvelirniSalonу.csproj", "{7232BC23-48A3-483E-B269-CA074D18FEF1}"
EndProject
Project("{FAE04EC0-301F-11D3-BF4B-00C04F79EFBC}") = "Class9TuristicheskoeAgenstvoo", "Class9\Class9TuristicheskoeAgenstvoo.csproj", "{828A87C9-A6A2-4C97-9947-97D8FDDAF0B8}"
EndProject
Project("{FAE04EC0-301F-11D3-BF4B-00C04F79EFBC}") = "Class24AvtoStoankaa", "Class24\Class24AvtoStoankaa.csproj", "{19BA9FAF-FF2D-4F64-A821-2E6F976AC411}"
EndProject
Project("{FAE04EC0-301F-11D3-BF4B-00C04F79EFBC}") = "Class27SistemKarsheringa", "Class27\Class27SistemKarsheringa.csproj", "{0537C076-BBBA-4B46-8690-789A7E667503}"
EndProject
Project("{FAE04EC0-301F-11D3-BF4B-00C04F79EFBC}") = "22PageUchebnoiMedicUchresdenie", "22PageUchebnoiMedicUchresdenie\22PageUchebnoiMedicUchresdenie.csproj", "{1EEE44FB-1CFE-4951-8CEF-7F4C994AEF71}"
EndProject
Project("{FAE04EC0-301F-11D3-BF4B-00C04F79EFBC}") = "Class19FirmaOkazaniaUslugi", "Class19\Class19FirmaOkazaniaUslugi.csproj", "{F3293E49-B919-49FA-BAD2-7447C3D19167}"
EndProject
Project("{FAE04EC0-301F-11D3-BF4B-00C04F79EFBC}") = "23PageReklamnoeAgentstvo", "23PageReklamnoeAgentstvo\23PageReklamnoeAgentstvo.csproj", "{EE939B23-D691-4828-84BD-A863A8312CC8}"
EndProject
Project("{FAE04EC0-301F-11D3-BF4B-00C04F79EFBC}") = "21PageOtdelCadrov", "21PageOtdelCadrov\21PageOtdelCadrov.csproj", "{9817F8A1-F1EE-4283-86DB-131AF17310A7}"
EndProject
Global
	GlobalSection(SolutionConfigurationPlatforms) = preSolution
		Debug|Any CPU = Debug|Any CPU
		Release|Any CPU = Release|Any CPU
	EndGlobalSection
	GlobalSection(ProjectConfigurationPlatforms) = postSolution
		{BCCDB165-201F-4F1F-80C6-64F3D9D5B19C}.Debug|Any CPU.ActiveCfg = Debug|Any CPU
		{BCCDB165-201F-4F1F-80C6-64F3D9D5B19C}.Debug|Any CPU.Build.0 = Debug|Any CPU
		{BCCDB165-201F-4F1F-80C6-64F3D9D5B19C}.Release|Any CPU.ActiveCfg = Release|Any CPU
		{BCCDB165-201F-4F1F-80C6-64F3D9D5B19C}.Release|Any CPU.Build.0 = Release|Any CPU
		{BB4990DE-5B38-435D-9264-DBFA0AF210C3}.Debug|Any CPU.ActiveCfg = Debug|Any CPU
		{BB4990DE-5B38-435D-9264-DBFA0AF210C3}.Debug|Any CPU.Build.0 = Debug|Any CPU
		{BB4990DE-5B38-435D-9264-DBFA0AF210C3}.Release|Any CPU.ActiveCfg = Release|Any CPU
		{BB4990DE-5B38-435D-9264-DBFA0AF210C3}.Release|Any CPU.Build.0 = Release|Any CPU
		{C95266FB-6BBA-44E8-9D82-2F9EB809BB36}.Debug|Any CPU.ActiveCfg = Debug|Any CPU
		{C95266FB-6BBA-44E8-9D82-2F9EB809BB36}.Debug|Any CPU.Build.0 = Debug|Any CPU
		{C95266FB-6BBA-44E8-9D82-2F9EB809BB36}.Release|Any CPU.ActiveCfg = Release|Any CPU
		{C95266FB-6BBA-44E8-9D82-2F9EB809BB36}.Release|Any CPU.Build.0 = Release|Any CPU
		{891EFA22-2F05-4F34-992C-69C7446FEBFE}.Debug|Any CPU.ActiveCfg = Debug|Any CPU
		{891EFA22-2F05-4F34-992C-69C7446FEBFE}.Debug|Any CPU.Build.0 = Debug|Any CPU
		{891EFA22-2F05-4F34-992C-69C7446FEBFE}.Release|Any CPU.ActiveCfg = Release|Any CPU
		{891EFA22-2F05-4F34-992C-69C7446FEBFE}.Release|Any CPU.Build.0 = Release|Any CPU
		{77E06E74-C1E5-455C-B03C-16866D897E80}.Debug|Any CPU.ActiveCfg = Debug|Any CPU
		{77E06E74-C1E5-455C-B03C-16866D897E80}.Debug|Any CPU.Build.0 = Debug|Any CPU
		{77E06E74-C1E5-455C-B03C-16866D897E80}.Release|Any CPU.ActiveCfg = Release|Any CPU
		{77E06E74-C1E5-455C-B03C-16866D897E80}.Release|Any CPU.Build.0 = Release|Any CPU
		{07948D9D-99CD-410C-A82C-502A0AE0E555}.Debug|Any CPU.ActiveCfg = Debug|Any CPU
		{07948D9D-99CD-410C-A82C-502A0AE0E555}.Debug|Any CPU.Build.0 = Debug|Any CPU
		{07948D9D-99CD-410C-A82C-502A0AE0E555}.Release|Any CPU.ActiveCfg = Release|Any CPU
		{07948D9D-99CD-410C-A82C-502A0AE0E555}.Release|Any CPU.Build.0 = Release|Any CPU
		{C2861D2F-8CCC-43B3-8BD4-1C6D33F45590}.Debug|Any CPU.ActiveCfg = Debug|Any CPU
		{C2861D2F-8CCC-43B3-8BD4-1C6D33F45590}.Debug|Any CPU.Build.0 = Debug|Any CPU
		{C2861D2F-8CCC-43B3-8BD4-1C6D33F45590}.Release|Any CPU.ActiveCfg = Release|Any CPU
		{C2861D2F-8CCC-43B3-8BD4-1C6D33F45590}.Release|Any CPU.Build.0 = Release|Any CPU
		{86334A50-3CC2-46EE-B873-E310034F0EE1}.Debug|Any CPU.ActiveCfg = Debug|Any CPU
		{86334A50-3CC2-46EE-B873-E310034F0EE1}.Debug|Any CPU.Build.0 = Debug|Any CPU
		{86334A50-3CC2-46EE-B873-E310034F0EE1}.Release|Any CPU.ActiveCfg = Release|Any CPU
		{86334A50-3CC2-46EE-B873-E310034F0EE1}.Release|Any CPU.Build.0 = Release|Any CPU
		{711E7416-EDD6-45B6-AC4D-701053870908}.Debug|Any CPU.ActiveCfg = Debug|Any CPU
		{711E7416-EDD6-45B6-AC4D-701053870908}.Debug|Any CPU.Build.0 = Debug|Any CPU
		{711E7416-EDD6-45B6-AC4D-701053870908}.Release|Any CPU.ActiveCfg = Release|Any CPU
		{711E7416-EDD6-45B6-AC4D-701053870908}.Release|Any CPU.Build.0 = Release|Any CPU
		{D63407B9-6821-405E-83F2-F0C7AABBF0D4}.Debug|Any CPU.ActiveCfg = Debug|Any CPU
		{D63407B9-6821-405E-83F2-F0C7AABBF0D4}.Debug|Any CPU.Build.0 = Debug|Any CPU
		{D63407B9-6821-405E-83F2-F0C7AABBF0D4}.Release|Any CPU.ActiveCfg = Release|Any CPU
		{D63407B9-6821-405E-83F2-F0C7AABBF0D4}.Release|Any CPU.Build.0 = Release|Any CPU
		{3EF7F8C6-B9CA-4229-AD83-39CA2FDD27C1}.Debug|Any CPU.ActiveCfg = Debug|Any CPU
		{3EF7F8C6-B9CA-4229-AD83-39CA2FDD27C1}.Debug|Any CPU.Build.0 = Debug|Any CPU
		{3EF7F8C6-B9CA-4229-AD83-39CA2FDD27C1}.Release|Any CPU.ActiveCfg = Release|Any CPU
		{3EF7F8C6-B9CA-4229-AD83-39CA2FDD27C1}.Release|Any CPU.Build.0 = Release|Any CPU
		{7232BC23-48A3-483E-B269-CA074D18FEF1}.Debug|Any CPU.ActiveCfg = Debug|Any CPU
		{7232BC23-48A3-483E-B269-CA074D18FEF1}.Debug|Any CPU.Build.0 = Debug|Any CPU
		{7232BC23-48A3-483E-B269-CA074D18FEF1}.Release|Any CPU.ActiveCfg = Release|Any CPU
		{7232BC23-48A3-483E-B269-CA074D18FEF1}.Release|Any CPU.Build.0 = Release|Any CPU
		{828A87C9-A6A2-4C97-9947-97D8FDDAF0B8}.Debug|Any CPU.ActiveCfg = Debug|Any CPU
		{828A87C9-A6A2-4C97-9947-97D8FDDAF0B8}.Debug|Any CPU.Build.0 = Debug|Any CPU
		{828A87C9-A6A2-4C97-9947-97D8FDDAF0B8}.Release|Any CPU.ActiveCfg = Release|Any CPU
		{828A87C9-A6A2-4C97-9947-97D8FDDAF0B8}.Release|Any CPU.Build.0 = Release|Any CPU
		{19BA9FAF-FF2D-4F64-A821-2E6F976AC411}.Debug|Any CPU.ActiveCfg = Debug|Any CPU
		{19BA9FAF-FF2D-4F64-A821-2E6F976AC411}.Debug|Any CPU.Build.0 = Debug|Any CPU
		{19BA9FAF-FF2D-4F64-A821-2E6F976AC411}.Release|Any CPU.ActiveCfg = Release|Any CPU
		{19BA9FAF-FF2D-4F64-A821-2E6F976AC411}.Release|Any CPU.Build.0 = Release|Any CPU
		{0537C076-BBBA-4B46-8690-789A7E667503}.Debug|Any CPU.ActiveCfg = Debug|Any CPU
		{0537C076-BBBA-4B46-8690-789A7E667503}.Debug|Any CPU.Build.0 = Debug|Any CPU
		{0537C076-BBBA-4B46-8690-789A7E667503}.Release|Any CPU.ActiveCfg = Release|Any CPU
		{0537C076-BBBA-4B46-8690-789A7E667503}.Release|Any CPU.Build.0 = Release|Any CPU
		{1EEE44FB-1CFE-4951-8CEF-7F4C994AEF71}.Debug|Any CPU.ActiveCfg = Debug|Any CPU
		{1EEE44FB-1CFE-4951-8CEF-7F4C994AEF71}.Debug|Any CPU.Build.0 = Debug|Any CPU
		{1EEE44FB-1CFE-4951-8CEF-7F4C994AEF71}.Release|Any CPU.ActiveCfg = Release|Any CPU
		{1EEE44FB-1CFE-4951-8CEF-7F4C994AEF71}.Release|Any CPU.Build.0 = Release|Any CPU
		{F3293E49-B919-49FA-BAD2-7447C3D19167}.Debug|Any CPU.ActiveCfg = Debug|Any CPU
		{F3293E49-B919-49FA-BAD2-7447C3D19167}.Debug|Any CPU.Build.0 = Debug|Any CPU
		{F3293E49-B919-49FA-BAD2-7447C3D19167}.Release|Any CPU.ActiveCfg = Release|Any CPU
		{F3293E49-B919-49FA-BAD2-7447C3D19167}.Release|Any CPU.Build.0 = Release|Any CPU
		{EE939B23-D691-4828-84BD-A863A8312CC8}.Debug|Any CPU.ActiveCfg = Debug|Any CPU
		{EE939B23-D691-4828-84BD-A863A8312CC8}.Debug|Any CPU.Build.0 = Debug|Any CPU
		{EE939B23-D691-4828-84BD-A863A8312CC8}.Release|Any CPU.ActiveCfg = Release|Any CPU
		{EE939B23-D691-4828-84BD-A863A8312CC8}.Release|Any CPU.Build.0 = Release|Any CPU
		{9817F8A1-F1EE-4283-86DB-131AF17310A7}.Debug|Any CPU.ActiveCfg = Debug|Any CPU
		{9817F8A1-F1EE-4283-86DB-131AF17310A7}.Debug|Any CPU.Build.0 = Debug|Any CPU
		{9817F8A1-F1EE-4283-86DB-131AF17310A7}.Release|Any CPU.ActiveCfg = Release|Any CPU
		{9817F8A1-F1EE-4283-86DB-131AF17310A7}.Release|Any CPU.Build.0 = Release|Any CPU
	EndGlobalSection
	GlobalSection(SolutionProperties) = preSolution
		HideSolutionNode = FALSE
	EndGlobalSection
	GlobalSection(NestedProjects) = preSolution
		{D63407B9-6821-405E-83F2-F0C7AABBF0D4} = {F7E03BF9-99F4-4F45-B499-E29224C343DA}
		{3EF7F8C6-B9CA-4229-AD83-39CA2FDD27C1} = {2AA4E270-93D2-4361-8514-7169E6FBBF17}
		{7232BC23-48A3-483E-B269-CA074D18FEF1} = {FBA858FD-3310-4B76-96DA-2A76F77C84F0}
		{828A87C9-A6A2-4C97-9947-97D8FDDAF0B8} = {63DFBED1-A9F5-4C98-9FF4-0F7977D0C413}
		{19BA9FAF-FF2D-4F64-A821-2E6F976AC411} = {873DE967-415F-4869-A470-9EA15F58D694}
		{0537C076-BBBA-4B46-8690-789A7E667503} = {6E06F79C-12DE-4E04-B94D-C82BBA4509DC}
		{F3293E49-B919-49FA-BAD2-7447C3D19167} = {D73B5C08-2BEC-4BB0-96C8-7F7002D1C251}
	EndGlobalSection
	GlobalSection(ExtensibilityGlobals) = postSolution
		SolutionGuid = {D04553B8-32CD-4E46-803D-580EF8496C56}
	EndGlobalSection
EndGlobal
